
Microsoft Visual Studio Solution File, Format Version 12.00
# Visual Studio 14
VisualStudioVersion = 14.0.25420.1
MinimumVisualStudioVersion = 10.0.40219.1
Project("{FAE04EC0-301F-11D3-BF4B-00C04F79EFBC}") = "LoadFileData.Tests", "LoadFileData.Tests\LoadFileData.Tests.csproj", "{74AF878F-B0CC-45DA-86E9-D1B990ACA8A9}"
EndProject
Project("{FAE04EC0-301F-11D3-BF4B-00C04F79EFBC}") = "LoadFileData", "LoadFileData\LoadFileData.csproj", "{696EF5B4-D5E9-4E27-ACA8-66224ADA3D8C}"
EndProject
Project("{FAE04EC0-301F-11D3-BF4B-00C04F79EFBC}") = "LoadFileData.Web", "LoadFileData.Web\LoadFileData.Web.csproj", "{E90F621E-36B3-4E21-9B05-D6A277F17307}"
EndProject
Project("{2150E333-8FDC-42A3-9474-1A3956D46DE8}") = ".nuget", ".nuget", "{748EC82B-D17F-4C6E-B203-B3A50256A210}"
	ProjectSection(SolutionItems) = preProject
		.nuget\NuGet.Config = .nuget\NuGet.Config
		.nuget\NuGet.exe = .nuget\NuGet.exe
		.nuget\NuGet.targets = .nuget\NuGet.targets
	EndProjectSection
EndProject
Project("{2150E333-8FDC-42A3-9474-1A3956D46DE8}") = "Solution Items", "Solution Items", "{3665A0AB-E633-461C-B730-8A15B5C5333C}"
	ProjectSection(SolutionItems) = preProject
		readme.md = readme.md
	EndProjectSection
EndProject
Project("{FAE04EC0-301F-11D3-BF4B-00C04F79EFBC}") = "LoadFileData.Host", "LoadFileData.Host\LoadFileData.Host.csproj", "{887A88A3-814D-4DB9-98C3-9078CCB4C63A}"
EndProject
Global
	GlobalSection(SolutionConfigurationPlatforms) = preSolution
		Debug|Any CPU = Debug|Any CPU
		Release|Any CPU = Release|Any CPU
	EndGlobalSection
	GlobalSection(ProjectConfigurationPlatforms) = postSolution
		{74AF878F-B0CC-45DA-86E9-D1B990ACA8A9}.Debug|Any CPU.ActiveCfg = Debug|Any CPU
		{74AF878F-B0CC-45DA-86E9-D1B990ACA8A9}.Debug|Any CPU.Build.0 = Debug|Any CPU
		{74AF878F-B0CC-45DA-86E9-D1B990ACA8A9}.Release|Any CPU.ActiveCfg = Release|Any CPU
		{74AF878F-B0CC-45DA-86E9-D1B990ACA8A9}.Release|Any CPU.Build.0 = Release|Any CPU
		{696EF5B4-D5E9-4E27-ACA8-66224ADA3D8C}.Debug|Any CPU.ActiveCfg = Debug|Any CPU
		{696EF5B4-D5E9-4E27-ACA8-66224ADA3D8C}.Debug|Any CPU.Build.0 = Debug|Any CPU
		{696EF5B4-D5E9-4E27-ACA8-66224ADA3D8C}.Release|Any CPU.ActiveCfg = Release|Any CPU
		{696EF5B4-D5E9-4E27-ACA8-66224ADA3D8C}.Release|Any CPU.Build.0 = Release|Any CPU
		{E90F621E-36B3-4E21-9B05-D6A277F17307}.Debug|Any CPU.ActiveCfg = Debug|Any CPU
		{E90F621E-36B3-4E21-9B05-D6A277F17307}.Debug|Any CPU.Build.0 = Debug|Any CPU
		{E90F621E-36B3-4E21-9B05-D6A277F17307}.Release|Any CPU.ActiveCfg = Release|Any CPU
		{E90F621E-36B3-4E21-9B05-D6A277F17307}.Release|Any CPU.Build.0 = Release|Any CPU
		{887A88A3-814D-4DB9-98C3-9078CCB4C63A}.Debug|Any CPU.ActiveCfg = Debug|Any CPU
		{887A88A3-814D-4DB9-98C3-9078CCB4C63A}.Debug|Any CPU.Build.0 = Debug|Any CPU
		{887A88A3-814D-4DB9-98C3-9078CCB4C63A}.Release|Any CPU.ActiveCfg = Release|Any CPU
		{887A88A3-814D-4DB9-98C3-9078CCB4C63A}.Release|Any CPU.Build.0 = Release|Any CPU
	EndGlobalSection
	GlobalSection(SolutionProperties) = preSolution
		HideSolutionNode = FALSE
	EndGlobalSection
	GlobalSection(ExtensibilityGlobals) = postSolution
		EnterpriseLibraryConfigurationToolBinariesPathV6 = packages\EnterpriseLibrary.Common.6.0.1304.0\lib\NET45;packages\EnterpriseLibrary.ExceptionHandling.6.0.1304.0\lib\NET45;packages\EnterpriseLibrary.Logging.6.0.1304.0\lib\NET45;packages\EnterpriseLibrary.ExceptionHandling.Logging.6.0.1304.0\lib\NET45
	EndGlobalSection
EndGlobal
