
Microsoft Visual Studio Solution File, Format Version 12.00
# Visual Studio 2013
VisualStudioVersion = 12.0.31101.0
MinimumVisualStudioVersion = 10.0.40219.1
Project("{FAE04EC0-301F-11D3-BF4B-00C04F79EFBC}") = "LoadFileData.Tests", "LoadFileData.Tests\LoadFileData.Tests.csproj", "{74AF878F-B0CC-45DA-86E9-D1B990ACA8A9}"
EndProject
Project("{FAE04EC0-301F-11D3-BF4B-00C04F79EFBC}") = "LoadFileData", "LoadFileData\LoadFileData.csproj", "{696EF5B4-D5E9-4E27-ACA8-66224ADA3D8C}"
EndProject
Project("{FAE04EC0-301F-11D3-BF4B-00C04F79EFBC}") = "LoadFileData.Web", "LoadFileData.Web\LoadFileData.Web.csproj", "{B1F86424-4C0B-4677-8C6E-03860B5139FF}"
EndProject
Global
	GlobalSection(SolutionConfigurationPlatforms) = preSolution
		Debug|Any CPU = Debug|Any CPU
		Release|Any CPU = Release|Any CPU
	EndGlobalSection
	GlobalSection(ProjectConfigurationPlatforms) = postSolution
		{74AF878F-B0CC-45DA-86E9-D1B990ACA8A9}.Debug|Any CPU.ActiveCfg = Debug|Any CPU
		{74AF878F-B0CC-45DA-86E9-D1B990ACA8A9}.Debug|Any CPU.Build.0 = Debug|Any CPU
		{74AF878F-B0CC-45DA-86E9-D1B990ACA8A9}.Release|Any CPU.ActiveCfg = Release|Any CPU
		{74AF878F-B0CC-45DA-86E9-D1B990ACA8A9}.Release|Any CPU.Build.0 = Release|Any CPU
		{696EF5B4-D5E9-4E27-ACA8-66224ADA3D8C}.Debug|Any CPU.ActiveCfg = Debug|Any CPU
		{696EF5B4-D5E9-4E27-ACA8-66224ADA3D8C}.Debug|Any CPU.Build.0 = Debug|Any CPU
		{696EF5B4-D5E9-4E27-ACA8-66224ADA3D8C}.Release|Any CPU.ActiveCfg = Release|Any CPU
		{696EF5B4-D5E9-4E27-ACA8-66224ADA3D8C}.Release|Any CPU.Build.0 = Release|Any CPU
		{B1F86424-4C0B-4677-8C6E-03860B5139FF}.Debug|Any CPU.ActiveCfg = Debug|Any CPU
		{B1F86424-4C0B-4677-8C6E-03860B5139FF}.Debug|Any CPU.Build.0 = Debug|Any CPU
		{B1F86424-4C0B-4677-8C6E-03860B5139FF}.Release|Any CPU.ActiveCfg = Release|Any CPU
		{B1F86424-4C0B-4677-8C6E-03860B5139FF}.Release|Any CPU.Build.0 = Release|Any CPU
	EndGlobalSection
	GlobalSection(SolutionProperties) = preSolution
		HideSolutionNode = FALSE
	EndGlobalSection
	GlobalSection(ExtensibilityGlobals) = postSolution
		EnterpriseLibraryConfigurationToolBinariesPathV6 = packages\EnterpriseLibrary.Common.6.0.1304.0\lib\NET45;packages\EnterpriseLibrary.ExceptionHandling.6.0.1304.0\lib\NET45;packages\EnterpriseLibrary.Logging.6.0.1304.0\lib\NET45
	EndGlobalSection
EndGlobal
